
Microsoft Visual Studio Solution File, Format Version 12.00
# Visual Studio Version 17
VisualStudioVersion = 17.10.35013.160
MinimumVisualStudioVersion = 10.0.40219.1
Project("{FAE04EC0-301F-11D3-BF4B-00C04F79EFBC}") = "task10", "task10\task10.csproj", "{AF43C021-5817-47C8-9E86-1C392AE9E4BB}"
EndProject
Global
	GlobalSection(SolutionConfigurationPlatforms) = preSolution
		Debug|Any CPU = Debug|Any CPU
		Release|Any CPU = Release|Any CPU
	EndGlobalSection
	GlobalSection(ProjectConfigurationPlatforms) = postSolution
		{AF43C021-5817-47C8-9E86-1C392AE9E4BB}.Debug|Any CPU.ActiveCfg = Debug|Any CPU
		{AF43C021-5817-47C8-9E86-1C392AE9E4BB}.Debug|Any CPU.Build.0 = Debug|Any CPU
		{AF43C021-5817-47C8-9E86-1C392AE9E4BB}.Release|Any CPU.ActiveCfg = Release|Any CPU
		{AF43C021-5817-47C8-9E86-1C392AE9E4BB}.Release|Any CPU.Build.0 = Release|Any CPU
	EndGlobalSection
	GlobalSection(SolutionProperties) = preSolution
		HideSolutionNode = FALSE
	EndGlobalSection
	GlobalSection(ExtensibilityGlobals) = postSolution
		SolutionGuid = {4397F7B8-B79D-4BBF-9616-1F93CC166382}
	EndGlobalSection
EndGlobal
