
Microsoft Visual Studio Solution File, Format Version 12.00
# Visual Studio Version 17
VisualStudioVersion = 17.10.35013.160
MinimumVisualStudioVersion = 10.0.40219.1
Project("{FAE04EC0-301F-11D3-BF4B-00C04F79EFBC}") = "task10", "task10\task10.csproj", "{1321FC46-9D3A-48F9-BE2C-9D888031C005}"
EndProject
Global
	GlobalSection(SolutionConfigurationPlatforms) = preSolution
		Debug|Any CPU = Debug|Any CPU
		Release|Any CPU = Release|Any CPU
	EndGlobalSection
	GlobalSection(ProjectConfigurationPlatforms) = postSolution
		{1321FC46-9D3A-48F9-BE2C-9D888031C005}.Debug|Any CPU.ActiveCfg = Debug|Any CPU
		{1321FC46-9D3A-48F9-BE2C-9D888031C005}.Debug|Any CPU.Build.0 = Debug|Any CPU
		{1321FC46-9D3A-48F9-BE2C-9D888031C005}.Release|Any CPU.ActiveCfg = Release|Any CPU
		{1321FC46-9D3A-48F9-BE2C-9D888031C005}.Release|Any CPU.Build.0 = Release|Any CPU
	EndGlobalSection
	GlobalSection(SolutionProperties) = preSolution
		HideSolutionNode = FALSE
	EndGlobalSection
	GlobalSection(ExtensibilityGlobals) = postSolution
		SolutionGuid = {D8C886F3-0C6E-43A4-A355-BA8EF3F7FD80}
	EndGlobalSection
EndGlobal
