
Microsoft Visual Studio Solution File, Format Version 12.00
# Visual Studio Version 17
VisualStudioVersion = 17.5.002.0
MinimumVisualStudioVersion = 10.0.40219.1
Project("{2150E333-8FDC-42A3-9474-1A3956D46DE8}") = "vp lab", "vp lab", "{149A3D10-D8FE-42E2-89B3-FC94120A3F25}"
EndProject
Project("{9A19103F-16F7-4668-BE54-9A1E7A4F7556}") = "vp-practise", "vp lab\vp-practise\vp-practise.csproj", "{A33451E2-77E6-4A15-A90E-64A532052AD7}"
EndProject
Global
	GlobalSection(SolutionConfigurationPlatforms) = preSolution
		Debug|Any CPU = Debug|Any CPU
		Release|Any CPU = Release|Any CPU
	EndGlobalSection
	GlobalSection(ProjectConfigurationPlatforms) = postSolution
		{A33451E2-77E6-4A15-A90E-64A532052AD7}.Debug|Any CPU.ActiveCfg = Debug|Any CPU
		{A33451E2-77E6-4A15-A90E-64A532052AD7}.Debug|Any CPU.Build.0 = Debug|Any CPU
		{A33451E2-77E6-4A15-A90E-64A532052AD7}.Release|Any CPU.ActiveCfg = Release|Any CPU
		{A33451E2-77E6-4A15-A90E-64A532052AD7}.Release|Any CPU.Build.0 = Release|Any CPU
	EndGlobalSection
	GlobalSection(SolutionProperties) = preSolution
		HideSolutionNode = FALSE
	EndGlobalSection
	GlobalSection(NestedProjects) = preSolution
		{A33451E2-77E6-4A15-A90E-64A532052AD7} = {149A3D10-D8FE-42E2-89B3-FC94120A3F25}
	EndGlobalSection
	GlobalSection(ExtensibilityGlobals) = postSolution
		SolutionGuid = {3F8FC040-D5AA-464F-AD9E-7C2E18BA25E3}
	EndGlobalSection
EndGlobal
